
Microsoft Visual Studio Solution File, Format Version 12.00
# Visual Studio 15
VisualStudioVersion = 15.0.27004.2008
MinimumVisualStudioVersion = 10.0.40219.1
Project("{FAE04EC0-301F-11D3-BF4B-00C04F79EFBC}") = "CryEngineProjectConverter", "CryEngineProjectConverter\CryEngineProjectConverter.csproj", "{2C9BADB4-4A46-4BF9-BB12-46C923983480}"
EndProject
Global
	GlobalSection(SolutionConfigurationPlatforms) = preSolution
		Debug|Any CPU = Debug|Any CPU
		Release|Any CPU = Release|Any CPU
	EndGlobalSection
	GlobalSection(ProjectConfigurationPlatforms) = postSolution
		{2C9BADB4-4A46-4BF9-BB12-46C923983480}.Debug|Any CPU.ActiveCfg = Debug|Any CPU
		{2C9BADB4-4A46-4BF9-BB12-46C923983480}.Debug|Any CPU.Build.0 = Debug|Any CPU
		{2C9BADB4-4A46-4BF9-BB12-46C923983480}.Release|Any CPU.ActiveCfg = Release|Any CPU
		{2C9BADB4-4A46-4BF9-BB12-46C923983480}.Release|Any CPU.Build.0 = Release|Any CPU
	EndGlobalSection
	GlobalSection(SolutionProperties) = preSolution
		HideSolutionNode = FALSE
	EndGlobalSection
	GlobalSection(ExtensibilityGlobals) = postSolution
		SolutionGuid = {51C9638F-36C4-43E5-B25C-996DBF473952}
	EndGlobalSection
EndGlobal
